
Microsoft Visual Studio Solution File, Format Version 12.00
# Visual Studio Version 17
VisualStudioVersion = 17.3.32929.385
MinimumVisualStudioVersion = 10.0.40219.1
Project("{FAE04EC0-301F-11D3-BF4B-00C04F79EFBC}") = "MethodOverloading", "MethodOverloading\MethodOverloading.csproj", "{C52E4E8D-AF58-4780-9EC3-4D2DDC4E3C61}"
EndProject
Global
	GlobalSection(SolutionConfigurationPlatforms) = preSolution
		Debug|Any CPU = Debug|Any CPU
		Release|Any CPU = Release|Any CPU
	EndGlobalSection
	GlobalSection(ProjectConfigurationPlatforms) = postSolution
		{C52E4E8D-AF58-4780-9EC3-4D2DDC4E3C61}.Debug|Any CPU.ActiveCfg = Debug|Any CPU
		{C52E4E8D-AF58-4780-9EC3-4D2DDC4E3C61}.Debug|Any CPU.Build.0 = Debug|Any CPU
		{C52E4E8D-AF58-4780-9EC3-4D2DDC4E3C61}.Release|Any CPU.ActiveCfg = Release|Any CPU
		{C52E4E8D-AF58-4780-9EC3-4D2DDC4E3C61}.Release|Any CPU.Build.0 = Release|Any CPU
	EndGlobalSection
	GlobalSection(SolutionProperties) = preSolution
		HideSolutionNode = FALSE
	EndGlobalSection
	GlobalSection(ExtensibilityGlobals) = postSolution
		SolutionGuid = {A9C62917-53B6-417C-9B64-3983CF001665}
	EndGlobalSection
EndGlobal
