
Microsoft Visual Studio Solution File, Format Version 12.00
# Visual Studio Version 17
VisualStudioVersion = 17.10.35122.118
MinimumVisualStudioVersion = 10.0.40219.1
Project("{FAE04EC0-301F-11D3-BF4B-00C04F79EFBC}") = "OpenApiDynamicClient", "OpenApiDynamicClient\OpenApiDynamicClient.csproj", "{FF36A2AF-DED9-4C78-BFF8-4488C049E846}"
EndProject
Project("{FAE04EC0-301F-11D3-BF4B-00C04F79EFBC}") = "ConsoleScratchpad", "ConsoleScratchpad\ConsoleScratchpad.csproj", "{8804363A-6C16-4479-9801-413CD242C09B}"
EndProject
Global
	GlobalSection(SolutionConfigurationPlatforms) = preSolution
		Debug|Any CPU = Debug|Any CPU
		Release|Any CPU = Release|Any CPU
	EndGlobalSection
	GlobalSection(ProjectConfigurationPlatforms) = postSolution
		{FF36A2AF-DED9-4C78-BFF8-4488C049E846}.Debug|Any CPU.ActiveCfg = Debug|Any CPU
		{FF36A2AF-DED9-4C78-BFF8-4488C049E846}.Debug|Any CPU.Build.0 = Debug|Any CPU
		{FF36A2AF-DED9-4C78-BFF8-4488C049E846}.Release|Any CPU.ActiveCfg = Release|Any CPU
		{FF36A2AF-DED9-4C78-BFF8-4488C049E846}.Release|Any CPU.Build.0 = Release|Any CPU
		{8804363A-6C16-4479-9801-413CD242C09B}.Debug|Any CPU.ActiveCfg = Debug|Any CPU
		{8804363A-6C16-4479-9801-413CD242C09B}.Debug|Any CPU.Build.0 = Debug|Any CPU
		{8804363A-6C16-4479-9801-413CD242C09B}.Release|Any CPU.ActiveCfg = Release|Any CPU
		{8804363A-6C16-4479-9801-413CD242C09B}.Release|Any CPU.Build.0 = Release|Any CPU
	EndGlobalSection
	GlobalSection(SolutionProperties) = preSolution
		HideSolutionNode = FALSE
	EndGlobalSection
	GlobalSection(ExtensibilityGlobals) = postSolution
		SolutionGuid = {4AC17CA3-65FE-4D82-A654-99A7CA5CF4C5}
	EndGlobalSection
EndGlobal
